
Microsoft Visual Studio Solution File, Format Version 12.00
# Visual Studio Version 17
VisualStudioVersion = 17.11.35327.3
MinimumVisualStudioVersion = 10.0.40219.1
Project("{9A19103F-16F7-4668-BE54-9A1E7A4F7556}") = "ClientServerLib", "ClientServerLib\ClientServerLib.csproj", "{AB3469BE-5B1C-43ED-AD30-ABBC57968867}"
EndProject
Project("{2150E333-8FDC-42A3-9474-1A3956D46DE8}") = "Dependencies", "Dependencies", "{1095948B-07B4-46B3-A7FC-079592E39B9F}"
EndProject
Project("{9A19103F-16F7-4668-BE54-9A1E7A4F7556}") = "ServerConsole", "ServerConsole\ServerConsole.csproj", "{34F7DB05-C68A-4012-B9CA-96309CFAC6C1}"
EndProject
Project("{9A19103F-16F7-4668-BE54-9A1E7A4F7556}") = "ClientConsole", "ClientConsole\ClientConsole.csproj", "{9CBFE027-80D5-4507-B207-B75C936ED341}"
EndProject
Project("{9A19103F-16F7-4668-BE54-9A1E7A4F7556}") = "LogLib", "..\LogLib\LogLib\LogLib.csproj", "{145D67E7-85A0-400B-A1A3-DB060C658E83}"
EndProject
Project("{9A19103F-16F7-4668-BE54-9A1E7A4F7556}") = "ModuleLib", "..\ModuleLib\ModuleLib\ModuleLib.csproj", "{6739684A-BA38-4E7D-B9D7-CBB4C209F1EC}"
EndProject
Project("{FAE04EC0-301F-11D3-BF4B-00C04F79EFBC}") = "ClientServerLib.UnitTests", "ClientServerLib.UnitTests\ClientServerLib.UnitTests.csproj", "{4FB7E4FD-A81A-41D5-8007-97A1C1E458D9}"
EndProject
Project("{2150E333-8FDC-42A3-9474-1A3956D46DE8}") = "Test consoles", "Test consoles", "{4E7B2C08-8E93-4E63-BD9A-7391AAA07E4C}"
EndProject
Global
	GlobalSection(SolutionConfigurationPlatforms) = preSolution
		Debug|Any CPU = Debug|Any CPU
		Release|Any CPU = Release|Any CPU
	EndGlobalSection
	GlobalSection(ProjectConfigurationPlatforms) = postSolution
		{AB3469BE-5B1C-43ED-AD30-ABBC57968867}.Debug|Any CPU.ActiveCfg = Debug|Any CPU
		{AB3469BE-5B1C-43ED-AD30-ABBC57968867}.Debug|Any CPU.Build.0 = Debug|Any CPU
		{AB3469BE-5B1C-43ED-AD30-ABBC57968867}.Release|Any CPU.ActiveCfg = Release|Any CPU
		{AB3469BE-5B1C-43ED-AD30-ABBC57968867}.Release|Any CPU.Build.0 = Release|Any CPU
		{34F7DB05-C68A-4012-B9CA-96309CFAC6C1}.Debug|Any CPU.ActiveCfg = Debug|Any CPU
		{34F7DB05-C68A-4012-B9CA-96309CFAC6C1}.Debug|Any CPU.Build.0 = Debug|Any CPU
		{34F7DB05-C68A-4012-B9CA-96309CFAC6C1}.Release|Any CPU.ActiveCfg = Release|Any CPU
		{34F7DB05-C68A-4012-B9CA-96309CFAC6C1}.Release|Any CPU.Build.0 = Release|Any CPU
		{9CBFE027-80D5-4507-B207-B75C936ED341}.Debug|Any CPU.ActiveCfg = Debug|Any CPU
		{9CBFE027-80D5-4507-B207-B75C936ED341}.Debug|Any CPU.Build.0 = Debug|Any CPU
		{9CBFE027-80D5-4507-B207-B75C936ED341}.Release|Any CPU.ActiveCfg = Release|Any CPU
		{9CBFE027-80D5-4507-B207-B75C936ED341}.Release|Any CPU.Build.0 = Release|Any CPU
		{145D67E7-85A0-400B-A1A3-DB060C658E83}.Debug|Any CPU.ActiveCfg = Debug|Any CPU
		{145D67E7-85A0-400B-A1A3-DB060C658E83}.Debug|Any CPU.Build.0 = Debug|Any CPU
		{145D67E7-85A0-400B-A1A3-DB060C658E83}.Release|Any CPU.ActiveCfg = Release|Any CPU
		{145D67E7-85A0-400B-A1A3-DB060C658E83}.Release|Any CPU.Build.0 = Release|Any CPU
		{6739684A-BA38-4E7D-B9D7-CBB4C209F1EC}.Debug|Any CPU.ActiveCfg = Debug|Any CPU
		{6739684A-BA38-4E7D-B9D7-CBB4C209F1EC}.Debug|Any CPU.Build.0 = Debug|Any CPU
		{6739684A-BA38-4E7D-B9D7-CBB4C209F1EC}.Release|Any CPU.ActiveCfg = Release|Any CPU
		{6739684A-BA38-4E7D-B9D7-CBB4C209F1EC}.Release|Any CPU.Build.0 = Release|Any CPU
		{4FB7E4FD-A81A-41D5-8007-97A1C1E458D9}.Debug|Any CPU.ActiveCfg = Debug|Any CPU
		{4FB7E4FD-A81A-41D5-8007-97A1C1E458D9}.Debug|Any CPU.Build.0 = Debug|Any CPU
		{4FB7E4FD-A81A-41D5-8007-97A1C1E458D9}.Release|Any CPU.ActiveCfg = Release|Any CPU
		{4FB7E4FD-A81A-41D5-8007-97A1C1E458D9}.Release|Any CPU.Build.0 = Release|Any CPU
	EndGlobalSection
	GlobalSection(SolutionProperties) = preSolution
		HideSolutionNode = FALSE
	EndGlobalSection
	GlobalSection(NestedProjects) = preSolution
		{34F7DB05-C68A-4012-B9CA-96309CFAC6C1} = {4E7B2C08-8E93-4E63-BD9A-7391AAA07E4C}
		{9CBFE027-80D5-4507-B207-B75C936ED341} = {4E7B2C08-8E93-4E63-BD9A-7391AAA07E4C}
		{145D67E7-85A0-400B-A1A3-DB060C658E83} = {1095948B-07B4-46B3-A7FC-079592E39B9F}
		{6739684A-BA38-4E7D-B9D7-CBB4C209F1EC} = {1095948B-07B4-46B3-A7FC-079592E39B9F}
	EndGlobalSection
	GlobalSection(ExtensibilityGlobals) = postSolution
		SolutionGuid = {42FDB781-D60A-48A1-B3A5-A0B62B21A33A}
	EndGlobalSection
EndGlobal
