
Microsoft Visual Studio Solution File, Format Version 12.00
# Visual Studio Version 17
VisualStudioVersion = 17.11.35327.3
MinimumVisualStudioVersion = 10.0.40219.1
Project("{9A19103F-16F7-4668-BE54-9A1E7A4F7556}") = "ClientServerLib", "ClientServerLib\ClientServerLib.csproj", "{AB3469BE-5B1C-43ED-AD30-ABBC57968867}"
EndProject
Project("{2150E333-8FDC-42A3-9474-1A3956D46DE8}") = "Dependencies", "Dependencies", "{1095948B-07B4-46B3-A7FC-079592E39B9F}"
EndProject
Project("{9A19103F-16F7-4668-BE54-9A1E7A4F7556}") = "ServerConsole", "ServerConsole\ServerConsole.csproj", "{34F7DB05-C68A-4012-B9CA-96309CFAC6C1}"
EndProject
Project("{9A19103F-16F7-4668-BE54-9A1E7A4F7556}") = "ClientConsole", "ClientConsole\ClientConsole.csproj", "{9CBFE027-80D5-4507-B207-B75C936ED341}"
EndProject
Global
	GlobalSection(SolutionConfigurationPlatforms) = preSolution
		Debug|Any CPU = Debug|Any CPU
		Release|Any CPU = Release|Any CPU
	EndGlobalSection
	GlobalSection(ProjectConfigurationPlatforms) = postSolution
		{AB3469BE-5B1C-43ED-AD30-ABBC57968867}.Debug|Any CPU.ActiveCfg = Debug|Any CPU
		{AB3469BE-5B1C-43ED-AD30-ABBC57968867}.Debug|Any CPU.Build.0 = Debug|Any CPU
		{AB3469BE-5B1C-43ED-AD30-ABBC57968867}.Release|Any CPU.ActiveCfg = Release|Any CPU
		{AB3469BE-5B1C-43ED-AD30-ABBC57968867}.Release|Any CPU.Build.0 = Release|Any CPU
		{34F7DB05-C68A-4012-B9CA-96309CFAC6C1}.Debug|Any CPU.ActiveCfg = Debug|Any CPU
		{34F7DB05-C68A-4012-B9CA-96309CFAC6C1}.Debug|Any CPU.Build.0 = Debug|Any CPU
		{34F7DB05-C68A-4012-B9CA-96309CFAC6C1}.Release|Any CPU.ActiveCfg = Release|Any CPU
		{34F7DB05-C68A-4012-B9CA-96309CFAC6C1}.Release|Any CPU.Build.0 = Release|Any CPU
		{9CBFE027-80D5-4507-B207-B75C936ED341}.Debug|Any CPU.ActiveCfg = Debug|Any CPU
		{9CBFE027-80D5-4507-B207-B75C936ED341}.Debug|Any CPU.Build.0 = Debug|Any CPU
		{9CBFE027-80D5-4507-B207-B75C936ED341}.Release|Any CPU.ActiveCfg = Release|Any CPU
		{9CBFE027-80D5-4507-B207-B75C936ED341}.Release|Any CPU.Build.0 = Release|Any CPU
	EndGlobalSection
	GlobalSection(SolutionProperties) = preSolution
		HideSolutionNode = FALSE
	EndGlobalSection
	GlobalSection(ExtensibilityGlobals) = postSolution
		SolutionGuid = {42FDB781-D60A-48A1-B3A5-A0B62B21A33A}
	EndGlobalSection
EndGlobal
